github.com/LiveSocket/bot/command-service v1.4.1 h1:rSnOLG+o5sQeQi9oHH2P5qxTxNqp/ZXddJwMdDvP9Ho=
github.com/LiveSocket/bot/command-service v1.4.1/go.mod h1:jTVSIDAfJj0G8poJ7W8NrVAQQSuuDRHSmDwXdM3wsZs=
github.com/LiveSocket/bot/conv v0.0.0-20191012101209-727e1c03a95c h1:e3w4Jq1LrMyyYF9mqj9BRlT5ugmrWyOMba2uYYrWtzE=
github.com/LiveSocket/bot/conv v0.0.0-20191012101209-727e1c03a95c/go.mod h1:Tc4RqBexYfn+U+4FfTTeJ9iQcIeYwNBvChhN+4x7Ado=
github.com/LiveSocket/bot/math-runner v1.2.1 h1:algiF2W1gZ1opp/+tbL0eCL7Zs77EqyWbVpKKzFaBa8=
github.com/LiveSocket/bot/math-runner v1.2.1/go.mod h1:CAgdOunz7Rzmk66nrVXjH936E6jJlilAyA6o4IvvNiE=
github.com/LiveSocket/bot/pi v0.0.0-20191102055207-e5c90d9835fe h1:4mZ+cXrMSk1o7Y2ETsJnMt1yHiHT85+AhY4ZWo690z4=
github.com/LiveSocket/bot/pi v0.0.0-20191102055207-e5c90d9835fe h1:4mZ+cXrMSk1o7Y2ETsJnMt1yHiHT85+AhY4ZWo690z4=
github.com/LiveSocket/bot/pi v0.0.0-20191102055207-e5c90d9835fe/go.mod h1:0xRcpRwWe/1uNJrKF3kG0l59oaXqBDM1b6Tkt6xY1z8=
github.com/LiveSocket/bot/pi v0.0.0-20191102055207-e5c90d9835fe/go.mod h1:0xRcpRwWe/1uNJrKF3kG0l59oaXqBDM1b6Tkt6xY1z8=
github.com/LiveSocket/bot/service v1.4.3/go.mod h1:tJ8hnRDqCV6Sr1kl4zCY09VjDffCjtw1TgC29pr1nh8=
github.com/LiveSocket/bot/service v1.4.4 h1:CPiVVjm5ujG6zyICXCCoS5hkRKIKI3qP+xlF6YtWsm4=
github.com/LiveSocket/bot/service v1.4.4 h1:CPiVVjm5ujG6zyICXCCoS5hkRKIKI3qP+xlF6YtWsm4=
github.com/LiveSocket/bot/service v1.4.4/go.mod h1:tJ8hnRDqCV6Sr1kl4zCY09VjDffCjtw1TgC29pr1nh8=
github.com/LiveSocket/bot/service/v2 v2.0.11 h1:j77x1PEokms2m5Keez8/3LuXvz/IoV6hHfpwL9otqas=
github.com/LiveSocket/bot/service/v2 v2.0.11/go.mod h1:6PKrUrcsO7IRgtJZio6EMleXKWPwBUjM7nXD2kU3Egw=
github.com/LiveSocket/botchannel-service v1.4.2 h1:ntRTpNgWyX8xIuM+k9Izdaxdw2+5WVWsJZZqTk0r6I0=
github.com/LiveSocket/botchannel-service v1.4.2/go.mod h1:uROlvJ/Jdks4WZ3JS1dgIs2u4Njt48vkNySYUvvnW6o=
github.com/LiveSocket/botconv v0.0.0-20191012101209-727e1c03a95c h1:e3w4Jq1LrMyyYF9mqj9BRlT5ugmrWyOMba2uYYrWtzE=
github.com/LiveSocket/botconv v0.0.0-20191012101209-727e1c03a95c/go.mod h1:Tc4RqBexYfn+U+4FfTTeJ9iQcIeYwNBvChhN+4x7Ado=
github.com/LiveSocket/botservice v1.4.4 h1:CPiVVjm5ujG6zyICXCCoS5hkRKIKI3qP+xlF6YtWsm4=
github.com/LiveSocket/botservice/v2 v2.0.11 h1:j77x1PEokms2m5Keez8/3LuXvz/IoV6hHfpwL9otqas=
github.com/LiveSocket/botservice/v2 v2.0.11/go.mod h1:6PKrUrcsO7IRgtJZio6EMleXKWPwBUjM7nXD2kU3Egw=
github.com/davecgh/go-spew v1.1.1/go.mod h1:J7Y8YcW2NihsgmVo/mv3lAwl/skON4iLHjSsI+c5H38=
github.com/fortytw2/leaktest v1.3.0/go.mod h1:jDsjWgpAGjm2CA7WthBh/CdZYEPF31XHquHwclZch5g=
github.com/gammazero/nexus v2.1.0+incompatible h1:1faYOz5Gp0sBJpb5L5/PPJ5j2K0iuNxoMtoDfxf2PK4=
github.com/gammazero/nexus/v3 v3.0.0 h1:26H0Oitdz1ohXb0fy3oLoPlMpY8kUiG6RdpH4S7kON8=
github.com/gammazero/nexus/v3 v3.0.0/go.mod h1:mbmXaKMhveanoWZ56n15ABcD4cnVM1+E7PXGs3Pc2MU=
github.com/gempir/go-twitch-irc/v2 v2.2.1 h1:jMiEgw6zzrgiz4viG7lgj148J6enLls5aicF+zsi1bk=
github.com/gempir/go-twitch-irc/v2 v2.2.1/go.mod h1:0HXoEr9l7gNjwajosptV0w0xGpHeU6gsD7JDlfvjTYI=
github.com/go-sql-driver/mysql v1.4.0/go.mod h1:zAC/RDZ24gD3HViQzih4MyKcchzm+sOG5ZlKdlhCg5w=
github.com/go-sql-driver/mysql v1.4.1/go.mod h1:zAC/RDZ24gD3HViQzih4MyKcchzm+sOG5ZlKdlhCg5w=
github.com/go-sql-driver/mysql v1.5.0 h1:ozyZYNQW3x3HtqT1jira07DN2PArx2v7/mN66gGcHOs=
github.com/go-sql-driver/mysql v1.5.0/go.mod h1:DCzpHaOWr8IXmIStZouvnhqoel9Qv2LBy8hT2VhHyBg=
github.com/golang/protobuf v1.3.1/go.mod h1:6lQm79b+lXiMfvg/cZm0SGofjICqVBUtrP5yJMmIC1U=
github.com/gorilla/websocket v1.4.1 h1:q7AeDBpnBk8AogcD4DSag/Ukw/KV+YhzLj2bP5HvKCM=
github.com/gorilla/websocket v1.4.1/go.mod h1:YR8l580nyteQvAITg2hZ9XVh4b55+EU/adAjf1fMHhE=
github.com/jmoiron/sqlx v1.2.0 h1:41Ip0zITnmWNR/vHV+S4m+VoUivnWY5E4OJfLZjCJMA=
github.com/jmoiron/sqlx v1.2.0/go.mod h1:1FEQNm3xlJgrMD+FBdI9+xvCksHtbpVBBw5dYhBSsks=
github.com/lib/pq v1.0.0/go.mod h1:5WUZQaWbwv1U+lTReE5YruASi9Al49XbQIvNi/34Woo=
github.com/lib/pq v1.2.0/go.mod h1:5WUZQaWbwv1U+lTReE5YruASi9Al49XbQIvNi/34Woo=
github.com/mattn/go-sqlite3 v1.9.0/go.mod h1:FPy6KqzDD04eiIsT53CuJW3U88zkxoIYsOqkbpncsNc=
github.com/mattn/go-sqlite3 v1.11.0 h1:LDdKkqtYlom37fkvqs8rMPFKAMe8+SgjbwZ6ex1/A/Q=
github.com/mattn/go-sqlite3 v1.11.0/go.mod h1:FPy6KqzDD04eiIsT53CuJW3U88zkxoIYsOqkbpncsNc=
github.com/mattn/go-sqlite3 v1.13.0/go.mod h1:FPy6KqzDD04eiIsT53CuJW3U88zkxoIYsOqkbpncsNc=
github.com/ugorji/go v1.1.7 h1:/68gy2h+1mWMrwZFeD1kQialdSzAb432dtpeJ42ovdo=
github.com/ugorji/go v1.1.7/go.mod h1:kZn38zHttfInRq0xu/PH0az30d+z6vm202qpg1oXVMw=
github.com/ugorji/go/codec v1.1.7 h1:2SvQaVZ1ouYrrKKwoSk2pzd4A9evlKJb9oTL+OaLUSs=
github.com/ugorji/go/codec v1.1.7/go.mod h1:Ax+UKWsSmolVDwsd+7N3ZtXu+yMGCf907BLYF3GoBXY=
golang.org/x/crypto v0.0.0-20190308221718-c2843e01d9a2/go.mod h1:djNgcEr1/C05ACkg1iLfiJU5Ep61QUkGW8qpdssI0+w=
golang.org/x/crypto v0.0.0-20190911031432-227b76d455e7 h1:0hQKqeLdqlt5iIwVOBErRisrHJAN57yOiPRQItI20fU=
golang.org/x/crypto v0.0.0-20190911031432-227b76d455e7/go.mod h1:yigFU9vqHzYiE8UmvKecakEJjdnWj3jj499lnFckfCI=
golang.org/x/crypto v0.0.0-20191011191535-87dc89f01550 h1:ObdrDkeb4kJdCP557AjRjq69pTHfNouLtWZG7j9rPN8=
golang.org/x/crypto v0.0.0-20191011191535-87dc89f01550/go.mod h1:yigFU9vqHzYiE8UmvKecakEJjdnWj3jj499lnFckfCI=
golang.org/x/crypto v0.0.0-20191108234033-bd318be0434a h1:R/qVym5WAxsZWQqZCwDY/8sdVKV1m1WgU4/S5IRQAzc=
golang.org/x/crypto v0.0.0-20191108234033-bd318be0434a/go.mod h1:LzIPMQfyMNhhGPhUkYOs5KpL4U8rLKemX1yGLhDgUto=
golang.org/x/crypto v0.0.0-20191128160524-b544559bb6d1 h1:anGSYQpPhQwXlwsu5wmfq0nWkCNaMEMUwAv13Y92hd8=
golang.org/x/crypto v0.0.0-20191128160524-b544559bb6d1/go.mod h1:LzIPMQfyMNhhGPhUkYOs5KpL4U8rLKemX1yGLhDgUto=
golang.org/x/net v0.0.0-20190404232315-eb5bcb51f2a3/go.mod h1:t9HGtf8HONx5eT2rtn7q6eTqICYqUVnKs3thJo3Qplg=
golang.org/x/net v0.0.0-20190603091049-60506f45cf65/go.mod h1:HSz+uSET+XFnRR8LxR5pz3Of3rY3CfYBVs4xY44aLks=
golang.org/x/net v0.0.0-20190620200207-3b0461eec859/go.mod h1:z5CRVTTTmAJ677TzLLGU+0bjPO0LkuOLi4/5GtJWs/s=
golang.org/x/net v0.0.0-20190912160710-24e19bdeb0f2/go.mod h1:z5CRVTTTmAJ677TzLLGU+0bjPO0LkuOLi4/5GtJWs/s=
golang.org/x/sync v0.0.0-20190423024810-112230192c58/go.mod h1:RxMgew5VJxzue5/jJTE5uejpjVlOe/izrB70Jof72aM=
golang.org/x/sync v0.0.0-20190911185100-cd5d95a43a6e/go.mod h1:RxMgew5VJxzue5/jJTE5uejpjVlOe/izrB70Jof72aM=
golang.org/x/sys v0.0.0-20190215142949-d0b11bdaac8a/go.mod h1:STP8DvDyc/dI5b8T5hshtkjS+E42TnysNCUPdjciGhY=
golang.org/x/sys v0.0.0-20190412213103-97732733099d/go.mod h1:h1NjWce9XRLGQEsW7wpKNCjG9DtNlClVuFLEZdDNbEs=
golang.org/x/sys v0.0.0-20190913121621-c3b328c6e5a7/go.mod h1:h1NjWce9XRLGQEsW7wpKNCjG9DtNlClVuFLEZdDNbEs=
golang.org/x/text v0.3.0/go.mod h1:NqM8EUOU14njkJ3fqMW+pc6Ldnwhi/IjpwHt7yyuwOQ=
golang.org/x/text v0.3.2/go.mod h1:bEr9sfX3Q8Zfm5fL9x+3itogRgK3+ptLWKqgva+5dAk=
golang.org/x/tools v0.0.0-20180917221912-90fa682c2a6e/go.mod h1:n7NCudcB/nEzxVGmLbDWY5pfWTLqBcC2KZ6jyYvM4mQ=
golang.org/x/tools v0.0.0-20190914235951-31e00f45c22e/go.mod h1:b+2E5dAYhXwXZwtnZ6UAqBI28+e2cm9otk0dWdXHAEo=
golang.org/x/xerrors v0.0.0-20190717185122-a985d3407aa7/go.mod h1:I/5z698sn9Ka8TeJc9MKroUUfqBBauWjQqLJ2OPfmY0=
google.golang.org/appengine v1.6.5/go.mod h1:8WjMMxjGQR8xUklV/ARdw2HLXBOI7O7uCIDZVag1xfc=
